# Generated by buf. DO NOT EDIT.
version: v2
deps:
  - name: buf.build/codesjoy/reason
    commit: 3562aebe0c9b458994490746c9805c41
    digest: b5:67210646954c8d018356ca83f98ce715006644e033fe13fe8667ce6999c6933b4f2ed28df6a6eca28cdac94b972dd6b8b93d762dcd2ab46c26e1c96658e2f407
  - name: buf.build/googleapis/googleapis
    commit: 004180b77378443887d3b55cabc00384
    digest: b5:e8f475fe3330f31f5fd86ac689093bcd274e19611a09db91f41d637cb9197881ce89882b94d13a58738e53c91c6e4bae7dc1feba85f590164c975a89e25115dc
