# Generated by buf. DO NOT EDIT.
version: v2
deps:
  - name: buf.build/codesjoy/yggdrasil
    commit: 64e80287cdc84678abe57619970fed01
    digest: b5:8e2608183ec43531604ef0b75f551766b95058166dca7384389183e711d049722d9a86eb7ba1e11f74173283a6680275edf8f8340c15eb9e5901b668cc04343e
  - name: buf.build/googleapis/googleapis
    commit: 004180b77378443887d3b55cabc00384
    digest: b5:e8f475fe3330f31f5fd86ac689093bcd274e19611a09db91f41d637cb9197881ce89882b94d13a58738e53c91c6e4bae7dc1feba85f590164c975a89e25115dc
