# Generated by buf. DO NOT EDIT.
version: v2
deps:
  - name: buf.build/codesjoy/yggdrasil
    commit: 9c4274c23c7f43e398b346429803e546
    digest: b5:07a16add371a50b13ce0b7f2c89af5a80d0b7a034eae1709f3de140fe9284489247477514f7124f99025fda9ee18f5ee6cd3a42693911935ed5eabe47abfd0e2
  - name: buf.build/googleapis/googleapis
    commit: 004180b77378443887d3b55cabc00384
    digest: b5:e8f475fe3330f31f5fd86ac689093bcd274e19611a09db91f41d637cb9197881ce89882b94d13a58738e53c91c6e4bae7dc1feba85f590164c975a89e25115dc
